// !$*UTF8*$!
{
	archiveVersion = 1;
	classes = {
	};
	objectVersion = 56;
	objects = {

/* Begin PBXBuildFile section */
		18BBA1FA2C05E51700AB24BF /* DemoAppApp.swift in Sources */ = {isa = PBXBuildFile; fileRef = 18BBA1F92C05E51700AB24BF /* DemoAppApp.swift */; };
		18BBA1FE2C05E51A00AB24BF /* Assets.xcassets in Resources */ = {isa = PBXBuildFile; fileRef = 18BBA1FD2C05E51A00AB24BF /* Assets.xcassets */; };
		18BBA2022C05E51A00AB24BF /* Preview Assets.xcassets in Resources */ = {isa = PBXBuildFile; fileRef = 18BBA2012C05E51A00AB24BF /* Preview Assets.xcassets */; };
		18BBA20C2C05E51A00AB24BF /* DemoAppTests.swift in Sources */ = {isa = PBXBuildFile; fileRef = 18BBA20B2C05E51A00AB24BF /* DemoAppTests.swift */; };
		18BBA2162C05E51A00AB24BF /* DemoAppUITests.swift in Sources */ = {isa = PBXBuildFile; fileRef = 18BBA2152C05E51A00AB24BF /* DemoAppUITests.swift */; };
		18BBA2182C05E51A00AB24BF /* DemoAppUITestsLaunchTests.swift in Sources */ = {isa = PBXBuildFile; fileRef = 18BBA2172C05E51A00AB24BF /* DemoAppUITestsLaunchTests.swift */; };
		18BBA22A2C05E73300AB24BF /* Posts.swift in Sources */ = {isa = PBXBuildFile; fileRef = 18BBA2292C05E73300AB24BF /* Posts.swift */; };
		18BBA22C2C05E74A00AB24BF /* PostsViewModel.swift in Sources */ = {isa = PBXBuildFile; fileRef = 18BBA22B2C05E74A00AB24BF /* PostsViewModel.swift */; };
		18BBA2322C05E90F00AB24BF /* Constants.swift in Sources */ = {isa = PBXBuildFile; fileRef = 18BBA2312C05E90F00AB24BF /* Constants.swift */; };
		18BBA2372C05F26A00AB24BF /* APIService.swift in Sources */ = {isa = PBXBuildFile; fileRef = 18BBA2362C05F26A00AB24BF /* APIService.swift */; };
		18BBA2392C05F28D00AB24BF /* ContentView.swift in Sources */ = {isa = PBXBuildFile; fileRef = 18BBA2382C05F28D00AB24BF /* ContentView.swift */; };
		18BBA23B2C05F29600AB24BF /* DetailView.swift in Sources */ = {isa = PBXBuildFile; fileRef = 18BBA23A2C05F29600AB24BF /* DetailView.swift */; };
/* End PBXBuildFile section */

/* Begin PBXContainerItemProxy section */
		18BBA2082C05E51A00AB24BF /* PBXContainerItemProxy */ = {
			isa = PBXContainerItemProxy;
			containerPortal = 18BBA1EE2C05E51700AB24BF /* Project object */;
			proxyType = 1;
			remoteGlobalIDString = 18BBA1F52C05E51700AB24BF;
			remoteInfo = DemoApp;
		};
		18BBA2122C05E51A00AB24BF /* PBXContainerItemProxy */ = {
			isa = PBXContainerItemProxy;
			containerPortal = 18BBA1EE2C05E51700AB24BF /* Project object */;
			proxyType = 1;
			remoteGlobalIDString = 18BBA1F52C05E51700AB24BF;
			remoteInfo = DemoApp;
		};
/* End PBXContainerItemProxy section */

/* Begin PBXFileReference section */
		18BBA1F62C05E51700AB24BF /* DemoApp.app */ = {isa = PBXFileReference; explicitFileType = wrapper.application; includeInIndex = 0; path = DemoApp.app; sourceTree = BUILT_PRODUCTS_DIR; };
		18BBA1F92C05E51700AB24BF /* DemoAppApp.swift */ = {isa = PBXFileReference; lastKnownFileType = sourcecode.swift; path = DemoAppApp.swift; sourceTree = "<group>"; };
		18BBA1FD2C05E51A00AB24BF /* Assets.xcassets */ = {isa = PBXFileReference; lastKnownFileType = folder.assetcatalog; path = Assets.xcassets; sourceTree = "<group>"; };
		18BBA1FF2C05E51A00AB24BF /* DemoApp.entitlements */ = {isa = PBXFileReference; lastKnownFileType = text.plist.entitlements; path = DemoApp.entitlements; sourceTree = "<group>"; };
		18BBA2012C05E51A00AB24BF /* Preview Assets.xcassets */ = {isa = PBXFileReference; lastKnownFileType = folder.assetcatalog; path = "Preview Assets.xcassets"; sourceTree = "<group>"; };
		18BBA2072C05E51A00AB24BF /* DemoAppTests.xctest */ = {isa = PBXFileReference; explicitFileType = wrapper.cfbundle; includeInIndex = 0; path = DemoAppTests.xctest; sourceTree = BUILT_PRODUCTS_DIR; };
		18BBA20B2C05E51A00AB24BF /* DemoAppTests.swift */ = {isa = PBXFileReference; lastKnownFileType = sourcecode.swift; path = DemoAppTests.swift; sourceTree = "<group>"; };
		18BBA2112C05E51A00AB24BF /* DemoAppUITests.xctest */ = {isa = PBXFileReference; explicitFileType = wrapper.cfbundle; includeInIndex = 0; path = DemoAppUITests.xctest; sourceTree = BUILT_PRODUCTS_DIR; };
		18BBA2152C05E51A00AB24BF /* DemoAppUITests.swift */ = {isa = PBXFileReference; lastKnownFileType = sourcecode.swift; path = DemoAppUITests.swift; sourceTree = "<group>"; };
		18BBA2172C05E51A00AB24BF /* DemoAppUITestsLaunchTests.swift */ = {isa = PBXFileReference; lastKnownFileType = sourcecode.swift; path = DemoAppUITestsLaunchTests.swift; sourceTree = "<group>"; };
		18BBA2292C05E73300AB24BF /* Posts.swift */ = {isa = PBXFileReference; lastKnownFileType = sourcecode.swift; path = Posts.swift; sourceTree = "<group>"; };
		18BBA22B2C05E74A00AB24BF /* PostsViewModel.swift */ = {isa = PBXFileReference; lastKnownFileType = sourcecode.swift; path = PostsViewModel.swift; sourceTree = "<group>"; };
		18BBA2312C05E90F00AB24BF /* Constants.swift */ = {isa = PBXFileReference; lastKnownFileType = sourcecode.swift; path = Constants.swift; sourceTree = "<group>"; };
		18BBA2362C05F26A00AB24BF /* APIService.swift */ = {isa = PBXFileReference; lastKnownFileType = sourcecode.swift; path = APIService.swift; sourceTree = "<group>"; };
		18BBA2382C05F28D00AB24BF /* ContentView.swift */ = {isa = PBXFileReference; lastKnownFileType = sourcecode.swift; path = ContentView.swift; sourceTree = "<group>"; };
		18BBA23A2C05F29600AB24BF /* DetailView.swift */ = {isa = PBXFileReference; lastKnownFileType = sourcecode.swift; path = DetailView.swift; sourceTree = "<group>"; };
		18BBA23E2C05F8E600AB24BF /* Info.plist */ = {isa = PBXFileReference; lastKnownFileType = text.plist; path = Info.plist; sourceTree = "<group>"; };
/* End PBXFileReference section */

/* Begin PBXFrameworksBuildPhase section */
		18BBA1F32C05E51700AB24BF /* Frameworks */ = {
			isa = PBXFrameworksBuildPhase;
			buildActionMask = 2147483647;
			files = (
			);
			runOnlyForDeploymentPostprocessing = 0;
		};
		18BBA2042C05E51A00AB24BF /* Frameworks */ = {
			isa = PBXFrameworksBuildPhase;
			buildActionMask = 2147483647;
			files = (
			);
			runOnlyForDeploymentPostprocessing = 0;
		};
		18BBA20E2C05E51A00AB24BF /* Frameworks */ = {
			isa = PBXFrameworksBuildPhase;
			buildActionMask = 2147483647;
			files = (
			);
			runOnlyForDeploymentPostprocessing = 0;
		};
/* End PBXFrameworksBuildPhase section */

/* Begin PBXGroup section */
		18BBA1ED2C05E51700AB24BF = {
			isa = PBXGroup;
			children = (
				18BBA1F82C05E51700AB24BF /* DemoApp */,
				18BBA20A2C05E51A00AB24BF /* DemoAppTests */,
				18BBA2142C05E51A00AB24BF /* DemoAppUITests */,
				18BBA1F72C05E51700AB24BF /* Products */,
			);
			sourceTree = "<group>";
		};
		18BBA1F72C05E51700AB24BF /* Products */ = {
			isa = PBXGroup;
			children = (
				18BBA1F62C05E51700AB24BF /* DemoApp.app */,
				18BBA2072C05E51A00AB24BF /* DemoAppTests.xctest */,
				18BBA2112C05E51A00AB24BF /* DemoAppUITests.xctest */,
			);
			name = Products;
			sourceTree = "<group>";
		};
		18BBA1F82C05E51700AB24BF /* DemoApp */ = {
			isa = PBXGroup;
			children = (
				18BBA23E2C05F8E600AB24BF /* Info.plist */,
				18BBA1F92C05E51700AB24BF /* DemoAppApp.swift */,
				18BBA1FD2C05E51A00AB24BF /* Assets.xcassets */,
				18BBA1FF2C05E51A00AB24BF /* DemoApp.entitlements */,
				18BBA2252C05E6DC00AB24BF /* Model */,
				18BBA2352C05F24C00AB24BF /* Services */,
				18BBA2262C05E6EF00AB24BF /* ViewModel */,
				18BBA2272C05E6FD00AB24BF /* View */,
				18BBA2282C05E71900AB24BF /* Resources */,
				18BBA2002C05E51A00AB24BF /* Preview Content */,
			);
			path = DemoApp;
			sourceTree = "<group>";
		};
		18BBA2002C05E51A00AB24BF /* Preview Content */ = {
			isa = PBXGroup;
			children = (
				18BBA2012C05E51A00AB24BF /* Preview Assets.xcassets */,
			);
			path = "Preview Content";
			sourceTree = "<group>";
		};
		18BBA20A2C05E51A00AB24BF /* DemoAppTests */ = {
			isa = PBXGroup;
			children = (
				18BBA20B2C05E51A00AB24BF /* DemoAppTests.swift */,
			);
			path = DemoAppTests;
			sourceTree = "<group>";
		};
		18BBA2142C05E51A00AB24BF /* DemoAppUITests */ = {
			isa = PBXGroup;
			children = (
				18BBA2152C05E51A00AB24BF /* DemoAppUITests.swift */,
				18BBA2172C05E51A00AB24BF /* DemoAppUITestsLaunchTests.swift */,
			);
			path = DemoAppUITests;
			sourceTree = "<group>";
		};
		18BBA2252C05E6DC00AB24BF /* Model */ = {
			isa = PBXGroup;
			children = (
				18BBA2292C05E73300AB24BF /* Posts.swift */,
			);
			path = Model;
			sourceTree = "<group>";
		};
		18BBA2262C05E6EF00AB24BF /* ViewModel */ = {
			isa = PBXGroup;
			children = (
				18BBA22B2C05E74A00AB24BF /* PostsViewModel.swift */,
			);
			path = ViewModel;
			sourceTree = "<group>";
		};
		18BBA2272C05E6FD00AB24BF /* View */ = {
			isa = PBXGroup;
			children = (
				18BBA2382C05F28D00AB24BF /* ContentView.swift */,
				18BBA23A2C05F29600AB24BF /* DetailView.swift */,
			);
			path = View;
			sourceTree = "<group>";
		};
		18BBA2282C05E71900AB24BF /* Resources */ = {
			isa = PBXGroup;
			children = (
				18BBA2312C05E90F00AB24BF /* Constants.swift */,
			);
			path = Resources;
			sourceTree = "<group>";
		};
		18BBA2352C05F24C00AB24BF /* Services */ = {
			isa = PBXGroup;
			children = (
				18BBA2362C05F26A00AB24BF /* APIService.swift */,
			);
			path = Services;
			sourceTree = "<group>";
		};
/* End PBXGroup section */

/* Begin PBXNativeTarget section */
		18BBA1F52C05E51700AB24BF /* DemoApp */ = {
			isa = PBXNativeTarget;
			buildConfigurationList = 18BBA21B2C05E51A00AB24BF /* Build configuration list for PBXNativeTarget "DemoApp" */;
			buildPhases = (
				18BBA1F22C05E51700AB24BF /* Sources */,
				18BBA1F32C05E51700AB24BF /* Frameworks */,
				18BBA1F42C05E51700AB24BF /* Resources */,
			);
			buildRules = (
			);
			dependencies = (
			);
			name = DemoApp;
			productName = DemoApp;
			productReference = 18BBA1F62C05E51700AB24BF /* DemoApp.app */;
			productType = "com.apple.product-type.application";
		};
		18BBA2062C05E51A00AB24BF /* DemoAppTests */ = {
			isa = PBXNativeTarget;
			buildConfigurationList = 18BBA21E2C05E51A00AB24BF /* Build configuration list for PBXNativeTarget "DemoAppTests" */;
			buildPhases = (
				18BBA2032C05E51A00AB24BF /* Sources */,
				18BBA2042C05E51A00AB24BF /* Frameworks */,
				18BBA2052C05E51A00AB24BF /* Resources */,
			);
			buildRules = (
			);
			dependencies = (
				18BBA2092C05E51A00AB24BF /* PBXTargetDependency */,
			);
			name = DemoAppTests;
			productName = DemoAppTests;
			productReference = 18BBA2072C05E51A00AB24BF /* DemoAppTests.xctest */;
			productType = "com.apple.product-type.bundle.unit-test";
		};
		18BBA2102C05E51A00AB24BF /* DemoAppUITests */ = {
			isa = PBXNativeTarget;
			buildConfigurationList = 18BBA2212C05E51A00AB24BF /* Build configuration list for PBXNativeTarget "DemoAppUITests" */;
			buildPhases = (
				18BBA20D2C05E51A00AB24BF /* Sources */,
				18BBA20E2C05E51A00AB24BF /* Frameworks */,
				18BBA20F2C05E51A00AB24BF /* Resources */,
			);
			buildRules = (
			);
			dependencies = (
				18BBA2132C05E51A00AB24BF /* PBXTargetDependency */,
			);
			name = DemoAppUITests;
			productName = DemoAppUITests;
			productReference = 18BBA2112C05E51A00AB24BF /* DemoAppUITests.xctest */;
			productType = "com.apple.product-type.bundle.ui-testing";
		};
/* End PBXNativeTarget section */

/* Begin PBXProject section */
		18BBA1EE2C05E51700AB24BF /* Project object */ = {
			isa = PBXProject;
			attributes = {
				BuildIndependentTargetsInParallel = 1;
				LastSwiftUpdateCheck = 1520;
				LastUpgradeCheck = 1520;
				TargetAttributes = {
					18BBA1F52C05E51700AB24BF = {
						CreatedOnToolsVersion = 15.2;
					};
					18BBA2062C05E51A00AB24BF = {
						CreatedOnToolsVersion = 15.2;
						TestTargetID = 18BBA1F52C05E51700AB24BF;
					};
					18BBA2102C05E51A00AB24BF = {
						CreatedOnToolsVersion = 15.2;
						TestTargetID = 18BBA1F52C05E51700AB24BF;
					};
				};
			};
			buildConfigurationList = 18BBA1F12C05E51700AB24BF /* Build configuration list for PBXProject "DemoApp" */;
			compatibilityVersion = "Xcode 14.0";
			developmentRegion = en;
			hasScannedForEncodings = 0;
			knownRegions = (
				en,
				Base,
			);
			mainGroup = 18BBA1ED2C05E51700AB24BF;
			productRefGroup = 18BBA1F72C05E51700AB24BF /* Products */;
			projectDirPath = "";
			projectRoot = "";
			targets = (
				18BBA1F52C05E51700AB24BF /* DemoApp */,
				18BBA2062C05E51A00AB24BF /* DemoAppTests */,
				18BBA2102C05E51A00AB24BF /* DemoAppUITests */,
			);
		};
/* End PBXProject section */

/* Begin PBXResourcesBuildPhase section */
		18BBA1F42C05E51700AB24BF /* Resources */ = {
			isa = PBXResourcesBuildPhase;
			buildActionMask = 2147483647;
			files = (
				18BBA2022C05E51A00AB24BF /* Preview Assets.xcassets in Resources */,
				18BBA1FE2C05E51A00AB24BF /* Assets.xcassets in Resources */,
			);
			runOnlyForDeploymentPostprocessing = 0;
		};
		18BBA2052C05E51A00AB24BF /* Resources */ = {
			isa = PBXResourcesBuildPhase;
			buildActionMask = 2147483647;
			files = (
			);
			runOnlyForDeploymentPostprocessing = 0;
		};
		18BBA20F2C05E51A00AB24BF /* Resources */ = {
			isa = PBXResourcesBuildPhase;
			buildActionMask = 2147483647;
			files = (
			);
			runOnlyForDeploymentPostprocessing = 0;
		};
/* End PBXResourcesBuildPhase section */

/* Begin PBXSourcesBuildPhase section */
		18BBA1F22C05E51700AB24BF /* Sources */ = {
			isa = PBXSourcesBuildPhase;
			buildActionMask = 2147483647;
			files = (
				18BBA22C2C05E74A00AB24BF /* PostsViewModel.swift in Sources */,
				18BBA23B2C05F29600AB24BF /* DetailView.swift in Sources */,
				18BBA2372C05F26A00AB24BF /* APIService.swift in Sources */,
				18BBA2392C05F28D00AB24BF /* ContentView.swift in Sources */,
				18BBA22A2C05E73300AB24BF /* Posts.swift in Sources */,
				18BBA2322C05E90F00AB24BF /* Constants.swift in Sources */,
				18BBA1FA2C05E51700AB24BF /* DemoAppApp.swift in Sources */,
			);
			runOnlyForDeploymentPostprocessing = 0;
		};
		18BBA2032C05E51A00AB24BF /* Sources */ = {
			isa = PBXSourcesBuildPhase;
			buildActionMask = 2147483647;
			files = (
				18BBA20C2C05E51A00AB24BF /* DemoAppTests.swift in Sources */,
			);
			runOnlyForDeploymentPostprocessing = 0;
		};
		18BBA20D2C05E51A00AB24BF /* Sources */ = {
			isa = PBXSourcesBuildPhase;
			buildActionMask = 2147483647;
			files = (
				18BBA2162C05E51A00AB24BF /* DemoAppUITests.swift in Sources */,
				18BBA2182C05E51A00AB24BF /* DemoAppUITestsLaunchTests.swift in Sources */,
			);
			runOnlyForDeploymentPostprocessing = 0;
		};
/* End PBXSourcesBuildPhase section */

/* Begin PBXTargetDependency section */
		18BBA2092C05E51A00AB24BF /* PBXTargetDependency */ = {
			isa = PBXTargetDependency;
			target = 18BBA1F52C05E51700AB24BF /* DemoApp */;
			targetProxy = 18BBA2082C05E51A00AB24BF /* PBXContainerItemProxy */;
		};
		18BBA2132C05E51A00AB24BF /* PBXTargetDependency */ = {
			isa = PBXTargetDependency;
			target = 18BBA1F52C05E51700AB24BF /* DemoApp */;
			targetProxy = 18BBA2122C05E51A00AB24BF /* PBXContainerItemProxy */;
		};
/* End PBXTargetDependency section */

/* Begin XCBuildConfiguration section */
		18BBA2192C05E51A00AB24BF /* Debug */ = {
			isa = XCBuildConfiguration;
			buildSettings = {
				ALWAYS_SEARCH_USER_PATHS = NO;
				ASSETCATALOG_COMPILER_GENERATE_SWIFT_ASSET_SYMBOL_EXTENSIONS = YES;
				CLANG_ANALYZER_NONNULL = YES;
				CLANG_ANALYZER_NUMBER_OBJECT_CONVERSION = YES_AGGRESSIVE;
				CLANG_CXX_LANGUAGE_STANDARD = "gnu++20";
				CLANG_ENABLE_MODULES = YES;
				CLANG_ENABLE_OBJC_ARC = YES;
				CLANG_ENABLE_OBJC_WEAK = YES;
				CLANG_WARN_BLOCK_CAPTURE_AUTORELEASING = YES;
				CLANG_WARN_BOOL_CONVERSION = YES;
				CLANG_WARN_COMMA = YES;
				CLANG_WARN_CONSTANT_CONVERSION = YES;
				CLANG_WARN_DEPRECATED_OBJC_IMPLEMENTATIONS = YES;
				CLANG_WARN_DIRECT_OBJC_ISA_USAGE = YES_ERROR;
				CLANG_WARN_DOCUMENTATION_COMMENTS = YES;
				CLANG_WARN_EMPTY_BODY = YES;
				CLANG_WARN_ENUM_CONVERSION = YES;
				CLANG_WARN_INFINITE_RECURSION = YES;
				CLANG_WARN_INT_CONVERSION = YES;
				CLANG_WARN_NON_LITERAL_NULL_CONVERSION = YES;
				CLANG_WARN_OBJC_IMPLICIT_RETAIN_SELF = YES;
				CLANG_WARN_OBJC_LITERAL_CONVERSION = YES;
				CLANG_WARN_OBJC_ROOT_CLASS = YES_ERROR;
				CLANG_WARN_QUOTED_INCLUDE_IN_FRAMEWORK_HEADER = YES;
				CLANG_WARN_RANGE_LOOP_ANALYSIS = YES;
				CLANG_WARN_STRICT_PROTOTYPES = YES;
				CLANG_WARN_SUSPICIOUS_MOVE = YES;
				CLANG_WARN_UNGUARDED_AVAILABILITY = YES_AGGRESSIVE;
				CLANG_WARN_UNREACHABLE_CODE = YES;
				CLANG_WARN__DUPLICATE_METHOD_MATCH = YES;
				COPY_PHASE_STRIP = NO;
				DEBUG_INFORMATION_FORMAT = dwarf;
				ENABLE_STRICT_OBJC_MSGSEND = YES;
				ENABLE_TESTABILITY = YES;
				ENABLE_USER_SCRIPT_SANDBOXING = YES;
				GCC_C_LANGUAGE_STANDARD = gnu17;
				GCC_DYNAMIC_NO_PIC = NO;
				GCC_NO_COMMON_BLOCKS = YES;
				GCC_OPTIMIZATION_LEVEL = 0;
				GCC_PREPROCESSOR_DEFINITIONS = (
					"DEBUG=1",
					"$(inherited)",
				);
				GCC_WARN_64_TO_32_BIT_CONVERSION = YES;
				GCC_WARN_ABOUT_RETURN_TYPE = YES_ERROR;
				GCC_WARN_UNDECLARED_SELECTOR = YES;
				GCC_WARN_UNINITIALIZED_AUTOS = YES_AGGRESSIVE;
				GCC_WARN_UNUSED_FUNCTION = YES;
				GCC_WARN_UNUSED_VARIABLE = YES;
				LOCALIZATION_PREFERS_STRING_CATALOGS = YES;
				MTL_ENABLE_DEBUG_INFO = INCLUDE_SOURCE;
				MTL_FAST_MATH = YES;
				ONLY_ACTIVE_ARCH = YES;
				SWIFT_ACTIVE_COMPILATION_CONDITIONS = "DEBUG $(inherited)";
				SWIFT_OPTIMIZATION_LEVEL = "-Onone";
			};
			name = Debug;
		};
		18BBA21A2C05E51A00AB24BF /* Release */ = {
			isa = XCBuildConfiguration;
			buildSettings = {
				ALWAYS_SEARCH_USER_PATHS = NO;
				ASSETCATALOG_COMPILER_GENERATE_SWIFT_ASSET_SYMBOL_EXTENSIONS = YES;
				CLANG_ANALYZER_NONNULL = YES;
				CLANG_ANALYZER_NUMBER_OBJECT_CONVERSION = YES_AGGRESSIVE;
				CLANG_CXX_LANGUAGE_STANDARD = "gnu++20";
				CLANG_ENABLE_MODULES = YES;
				CLANG_ENABLE_OBJC_ARC = YES;
				CLANG_ENABLE_OBJC_WEAK = YES;
				CLANG_WARN_BLOCK_CAPTURE_AUTORELEASING = YES;
				CLANG_WARN_BOOL_CONVERSION = YES;
				CLANG_WARN_COMMA = YES;
				CLANG_WARN_CONSTANT_CONVERSION = YES;
				CLANG_WARN_DEPRECATED_OBJC_IMPLEMENTATIONS = YES;
				CLANG_WARN_DIRECT_OBJC_ISA_USAGE = YES_ERROR;
				CLANG_WARN_DOCUMENTATION_COMMENTS = YES;
				CLANG_WARN_EMPTY_BODY = YES;
				CLANG_WARN_ENUM_CONVERSION = YES;
				CLANG_WARN_INFINITE_RECURSION = YES;
				CLANG_WARN_INT_CONVERSION = YES;
				CLANG_WARN_NON_LITERAL_NULL_CONVERSION = YES;
				CLANG_WARN_OBJC_IMPLICIT_RETAIN_SELF = YES;
				CLANG_WARN_OBJC_LITERAL_CONVERSION = YES;
				CLANG_WARN_OBJC_ROOT_CLASS = YES_ERROR;
				CLANG_WARN_QUOTED_INCLUDE_IN_FRAMEWORK_HEADER = YES;
				CLANG_WARN_RANGE_LOOP_ANALYSIS = YES;
				CLANG_WARN_STRICT_PROTOTYPES = YES;
				CLANG_WARN_SUSPICIOUS_MOVE = YES;
				CLANG_WARN_UNGUARDED_AVAILABILITY = YES_AGGRESSIVE;
				CLANG_WARN_UNREACHABLE_CODE = YES;
				CLANG_WARN__DUPLICATE_METHOD_MATCH = YES;
				COPY_PHASE_STRIP = NO;
				DEBUG_INFORMATION_FORMAT = "dwarf-with-dsym";
				ENABLE_NS_ASSERTIONS = NO;
				ENABLE_STRICT_OBJC_MSGSEND = YES;
				ENABLE_USER_SCRIPT_SANDBOXING = YES;
				GCC_C_LANGUAGE_STANDARD = gnu17;
				GCC_NO_COMMON_BLOCKS = YES;
				GCC_WARN_64_TO_32_BIT_CONVERSION = YES;
				GCC_WARN_ABOUT_RETURN_TYPE = YES_ERROR;
				GCC_WARN_UNDECLARED_SELECTOR = YES;
				GCC_WARN_UNINITIALIZED_AUTOS = YES_AGGRESSIVE;
				GCC_WARN_UNUSED_FUNCTION = YES;
				GCC_WARN_UNUSED_VARIABLE = YES;
				LOCALIZATION_PREFERS_STRING_CATALOGS = YES;
				MTL_ENABLE_DEBUG_INFO = NO;
				MTL_FAST_MATH = YES;
				SWIFT_COMPILATION_MODE = wholemodule;
			};
			name = Release;
		};
		18BBA21C2C05E51A00AB24BF /* Debug */ = {
			isa = XCBuildConfiguration;
			buildSettings = {
				ASSETCATALOG_COMPILER_APPICON_NAME = AppIcon;
				ASSETCATALOG_COMPILER_GLOBAL_ACCENT_COLOR_NAME = AccentColor;
				CODE_SIGN_ENTITLEMENTS = DemoApp/DemoApp.entitlements;
				CODE_SIGN_STYLE = Automatic;
				CURRENT_PROJECT_VERSION = 1;
				DEVELOPMENT_ASSET_PATHS = "\"DemoApp/Preview Content\"";
				ENABLE_PREVIEWS = YES;
				GENERATE_INFOPLIST_FILE = YES;
				INFOPLIST_FILE = DemoApp/Info.plist;
				"INFOPLIST_KEY_UIApplicationSceneManifest_Generation[sdk=iphoneos*]" = YES;
				"INFOPLIST_KEY_UIApplicationSceneManifest_Generation[sdk=iphonesimulator*]" = YES;
				"INFOPLIST_KEY_UIApplicationSupportsIndirectInputEvents[sdk=iphoneos*]" = YES;
				"INFOPLIST_KEY_UIApplicationSupportsIndirectInputEvents[sdk=iphonesimulator*]" = YES;
				"INFOPLIST_KEY_UILaunchScreen_Generation[sdk=iphoneos*]" = YES;
				"INFOPLIST_KEY_UILaunchScreen_Generation[sdk=iphonesimulator*]" = YES;
				"INFOPLIST_KEY_UIStatusBarStyle[sdk=iphoneos*]" = UIStatusBarStyleDefault;
				"INFOPLIST_KEY_UIStatusBarStyle[sdk=iphonesimulator*]" = UIStatusBarStyleDefault;
				INFOPLIST_KEY_UISupportedInterfaceOrientations_iPad = "UIInterfaceOrientationPortrait UIInterfaceOrientationPortraitUpsideDown UIInterfaceOrientationLandscapeLeft UIInterfaceOrientationLandscapeRight";
				INFOPLIST_KEY_UISupportedInterfaceOrientations_iPhone = "UIInterfaceOrientationPortrait UIInterfaceOrientationLandscapeLeft UIInterfaceOrientationLandscapeRight";
				IPHONEOS_DEPLOYMENT_TARGET = 17.2;
				LD_RUNPATH_SEARCH_PATHS = "@executable_path/Frameworks";
				"LD_RUNPATH_SEARCH_PATHS[sdk=macosx*]" = "@executable_path/../Frameworks";
				MACOSX_DEPLOYMENT_TARGET = 13.6;
				MARKETING_VERSION = 1.0;
				PRODUCT_BUNDLE_IDENTIFIER = com.organization.DemoApp;
				PRODUCT_NAME = "$(TARGET_NAME)";
				SDKROOT = auto;
				SUPPORTED_PLATFORMS = "iphoneos iphonesimulator macosx";
				SWIFT_EMIT_LOC_STRINGS = YES;
				SWIFT_VERSION = 5.0;
				TARGETED_DEVICE_FAMILY = "1,2";
			};
			name = Debug;
		};
		18BBA21D2C05E51A00AB24BF /* Release */ = {
			isa = XCBuildConfiguration;
			buildSettings = {
				ASSETCATALOG_COMPILER_APPICON_NAME = AppIcon;
				ASSETCATALOG_COMPILER_GLOBAL_ACCENT_COLOR_NAME = AccentColor;
				CODE_SIGN_ENTITLEMENTS = DemoApp/DemoApp.entitlements;
				CODE_SIGN_STYLE = Automatic;
				CURRENT_PROJECT_VERSION = 1;
				DEVELOPMENT_ASSET_PATHS = "\"DemoApp/Preview Content\"";
				ENABLE_PREVIEWS = YES;
				GENERATE_INFOPLIST_FILE = YES;
				INFOPLIST_FILE = DemoApp/Info.plist;
				"INFOPLIST_KEY_UIApplicationSceneManifest_Generation[sdk=iphoneos*]" = YES;
				"INFOPLIST_KEY_UIApplicationSceneManifest_Generation[sdk=iphonesimulator*]" = YES;
				"INFOPLIST_KEY_UIApplicationSupportsIndirectInputEvents[sdk=iphoneos*]" = YES;
				"INFOPLIST_KEY_UIApplicationSupportsIndirectInputEvents[sdk=iphonesimulator*]" = YES;
				"INFOPLIST_KEY_UILaunchScreen_Generation[sdk=iphoneos*]" = YES;
				"INFOPLIST_KEY_UILaunchScreen_Generation[sdk=iphonesimulator*]" = YES;
				"INFOPLIST_KEY_UIStatusBarStyle[sdk=iphoneos*]" = UIStatusBarStyleDefault;
				"INFOPLIST_KEY_UIStatusBarStyle[sdk=iphonesimulator*]" = UIStatusBarStyleDefault;
				INFOPLIST_KEY_UISupportedInterfaceOrientations_iPad = "UIInterfaceOrientationPortrait UIInterfaceOrientationPortraitUpsideDown UIInterfaceOrientationLandscapeLeft UIInterfaceOrientationLandscapeRight";
				INFOPLIST_KEY_UISupportedInterfaceOrientations_iPhone = "UIInterfaceOrientationPortrait UIInterfaceOrientationLandscapeLeft UIInterfaceOrientationLandscapeRight";
				IPHONEOS_DEPLOYMENT_TARGET = 17.2;
				LD_RUNPATH_SEARCH_PATHS = "@executable_path/Frameworks";
				"LD_RUNPATH_SEARCH_PATHS[sdk=macosx*]" = "@executable_path/../Frameworks";
				MACOSX_DEPLOYMENT_TARGET = 13.6;
				MARKETING_VERSION = 1.0;
				PRODUCT_BUNDLE_IDENTIFIER = com.organization.DemoApp;
				PRODUCT_NAME = "$(TARGET_NAME)";
				SDKROOT = auto;
				SUPPORTED_PLATFORMS = "iphoneos iphonesimulator macosx";
				SWIFT_EMIT_LOC_STRINGS = YES;
				SWIFT_VERSION = 5.0;
				TARGETED_DEVICE_FAMILY = "1,2";
			};
			name = Release;
		};
		18BBA21F2C05E51A00AB24BF /* Debug */ = {
			isa = XCBuildConfiguration;
			buildSettings = {
				ALWAYS_EMBED_SWIFT_STANDARD_LIBRARIES = YES;
				BUNDLE_LOADER = "$(TEST_HOST)";
				CODE_SIGN_STYLE = Automatic;
				CURRENT_PROJECT_VERSION = 1;
				GENERATE_INFOPLIST_FILE = YES;
				IPHONEOS_DEPLOYMENT_TARGET = 17.2;
				MACOSX_DEPLOYMENT_TARGET = 13.6;
				MARKETING_VERSION = 1.0;
				PRODUCT_BUNDLE_IDENTIFIER = com.organization.DemoAppTests;
				PRODUCT_NAME = "$(TARGET_NAME)";
				SDKROOT = auto;
				SUPPORTED_PLATFORMS = "iphoneos iphonesimulator macosx";
				SWIFT_EMIT_LOC_STRINGS = NO;
				SWIFT_VERSION = 5.0;
				TARGETED_DEVICE_FAMILY = "1,2";
				TEST_HOST = "$(BUILT_PRODUCTS_DIR)/DemoApp.app/$(BUNDLE_EXECUTABLE_FOLDER_PATH)/DemoApp";
			};
			name = Debug;
		};
		18BBA2202C05E51A00AB24BF /* Release */ = {
			isa = XCBuildConfiguration;
			buildSettings = {
				ALWAYS_EMBED_SWIFT_STANDARD_LIBRARIES = YES;
				BUNDLE_LOADER = "$(TEST_HOST)";
				CODE_SIGN_STYLE = Automatic;
				CURRENT_PROJECT_VERSION = 1;
				GENERATE_INFOPLIST_FILE = YES;
				IPHONEOS_DEPLOYMENT_TARGET = 17.2;
				MACOSX_DEPLOYMENT_TARGET = 13.6;
				MARKETING_VERSION = 1.0;
				PRODUCT_BUNDLE_IDENTIFIER = com.organization.DemoAppTests;
				PRODUCT_NAME = "$(TARGET_NAME)";
				SDKROOT = auto;
				SUPPORTED_PLATFORMS = "iphoneos iphonesimulator macosx";
				SWIFT_EMIT_LOC_STRINGS = NO;
				SWIFT_VERSION = 5.0;
				TARGETED_DEVICE_FAMILY = "1,2";
				TEST_HOST = "$(BUILT_PRODUCTS_DIR)/DemoApp.app/$(BUNDLE_EXECUTABLE_FOLDER_PATH)/DemoApp";
			};
			name = Release;
		};
		18BBA2222C05E51A00AB24BF /* Debug */ = {
			isa = XCBuildConfiguration;
			buildSettings = {
				ALWAYS_EMBED_SWIFT_STANDARD_LIBRARIES = YES;
				CODE_SIGN_STYLE = Automatic;
				CURRENT_PROJECT_VERSION = 1;
				GENERATE_INFOPLIST_FILE = YES;
				IPHONEOS_DEPLOYMENT_TARGET = 17.2;
				MACOSX_DEPLOYMENT_TARGET = 13.6;
				MARKETING_VERSION = 1.0;
				PRODUCT_BUNDLE_IDENTIFIER = com.organization.DemoAppUITests;
				PRODUCT_NAME = "$(TARGET_NAME)";
				SDKROOT = auto;
				SUPPORTED_PLATFORMS = "iphoneos iphonesimulator macosx";
				SWIFT_EMIT_LOC_STRINGS = NO;
				SWIFT_VERSION = 5.0;
				TARGETED_DEVICE_FAMILY = "1,2";
				TEST_TARGET_NAME = DemoApp;
			};
			name = Debug;
		};
		18BBA2232C05E51A00AB24BF /* Release */ = {
			isa = XCBuildConfiguration;
			buildSettings = {
				ALWAYS_EMBED_SWIFT_STANDARD_LIBRARIES = YES;
				CODE_SIGN_STYLE = Automatic;
				CURRENT_PROJECT_VERSION = 1;
				GENERATE_INFOPLIST_FILE = YES;
				IPHONEOS_DEPLOYMENT_TARGET = 17.2;
				MACOSX_DEPLOYMENT_TARGET = 13.6;
				MARKETING_VERSION = 1.0;
				PRODUCT_BUNDLE_IDENTIFIER = com.organization.DemoAppUITests;
				PRODUCT_NAME = "$(TARGET_NAME)";
				SDKROOT = auto;
				SUPPORTED_PLATFORMS = "iphoneos iphonesimulator macosx";
				SWIFT_EMIT_LOC_STRINGS = NO;
				SWIFT_VERSION = 5.0;
				TARGETED_DEVICE_FAMILY = "1,2";
				TEST_TARGET_NAME = DemoApp;
			};
			name = Release;
		};
/* End XCBuildConfiguration section */

/* Begin XCConfigurationList section */
		18BBA1F12C05E51700AB24BF /* Build configuration list for PBXProject "DemoApp" */ = {
			isa = XCConfigurationList;
			buildConfigurations = (
				18BBA2192C05E51A00AB24BF /* Debug */,
				18BBA21A2C05E51A00AB24BF /* Release */,
			);
			defaultConfigurationIsVisible = 0;
			defaultConfigurationName = Release;
		};
		18BBA21B2C05E51A00AB24BF /* Build configuration list for PBXNativeTarget "DemoApp" */ = {
			isa = XCConfigurationList;
			buildConfigurations = (
				18BBA21C2C05E51A00AB24BF /* Debug */,
				18BBA21D2C05E51A00AB24BF /* Release */,
			);
			defaultConfigurationIsVisible = 0;
			defaultConfigurationName = Release;
		};
		18BBA21E2C05E51A00AB24BF /* Build configuration list for PBXNativeTarget "DemoAppTests" */ = {
			isa = XCConfigurationList;
			buildConfigurations = (
				18BBA21F2C05E51A00AB24BF /* Debug */,
				18BBA2202C05E51A00AB24BF /* Release */,
			);
			defaultConfigurationIsVisible = 0;
			defaultConfigurationName = Release;
		};
		18BBA2212C05E51A00AB24BF /* Build configuration list for PBXNativeTarget "DemoAppUITests" */ = {
			isa = XCConfigurationList;
			buildConfigurations = (
				18BBA2222C05E51A00AB24BF /* Debug */,
				18BBA2232C05E51A00AB24BF /* Release */,
			);
			defaultConfigurationIsVisible = 0;
			defaultConfigurationName = Release;
		};
/* End XCConfigurationList section */
	};
	rootObject = 18BBA1EE2C05E51700AB24BF /* Project object */;
}
